
Microsoft Visual Studio Solution File, Format Version 12.00
# Visual Studio Version 17
VisualStudioVersion = 17.14.37531.7 d17.14
MinimumVisualStudioVersion = 10.0.40219.1
Project("{FAE04EC0-301F-11D3-BF4B-00C04F79EFBC}") = "DGHomeWork", "DGHomeWork.csproj", "{92B35A7B-18AC-4C95-794A-3CB241CF1138}"
EndProject
Global
	GlobalSection(SolutionConfigurationPlatforms) = preSolution
		Debug|Any CPU = Debug|Any CPU
		Release|Any CPU = Release|Any CPU
	EndGlobalSection
	GlobalSection(ProjectConfigurationPlatforms) = postSolution
		{92B35A7B-18AC-4C95-794A-3CB241CF1138}.Debug|Any CPU.ActiveCfg = Debug|Any CPU
		{92B35A7B-18AC-4C95-794A-3CB241CF1138}.Debug|Any CPU.Build.0 = Debug|Any CPU
		{92B35A7B-18AC-4C95-794A-3CB241CF1138}.Release|Any CPU.ActiveCfg = Release|Any CPU
		{92B35A7B-18AC-4C95-794A-3CB241CF1138}.Release|Any CPU.Build.0 = Release|Any CPU
	EndGlobalSection
	GlobalSection(SolutionProperties) = preSolution
		HideSolutionNode = FALSE
	EndGlobalSection
	GlobalSection(ExtensibilityGlobals) = postSolution
		SolutionGuid = {16F6A94D-8768-4292-88E3-A452149D6DA7}
	EndGlobalSection
EndGlobal
