
Microsoft Visual Studio Solution File, Format Version 12.00
# Visual Studio Version 17
VisualStudioVersion = 17.14.37531.7 d17.14
MinimumVisualStudioVersion = 10.0.40219.1
Project("{FAE04EC0-301F-11D3-BF4B-00C04F79EFBC}") = "DGHomeWork01", "DGHomeWork01.csproj", "{F50A548E-246D-4A7B-B511-FD51A7368A90}"
EndProject
Global
	GlobalSection(SolutionConfigurationPlatforms) = preSolution
		Debug|Any CPU = Debug|Any CPU
		Release|Any CPU = Release|Any CPU
	EndGlobalSection
	GlobalSection(ProjectConfigurationPlatforms) = postSolution
		{F50A548E-246D-4A7B-B511-FD51A7368A90}.Debug|Any CPU.ActiveCfg = Debug|Any CPU
		{F50A548E-246D-4A7B-B511-FD51A7368A90}.Debug|Any CPU.Build.0 = Debug|Any CPU
		{F50A548E-246D-4A7B-B511-FD51A7368A90}.Release|Any CPU.ActiveCfg = Release|Any CPU
		{F50A548E-246D-4A7B-B511-FD51A7368A90}.Release|Any CPU.Build.0 = Release|Any CPU
	EndGlobalSection
	GlobalSection(SolutionProperties) = preSolution
		HideSolutionNode = FALSE
	EndGlobalSection
	GlobalSection(ExtensibilityGlobals) = postSolution
		SolutionGuid = {548B5E97-C133-413D-A46C-B2E82EC4EB4A}
	EndGlobalSection
EndGlobal
